contourpy==1.4.0
cycler==0.12.1
donfig==0.8.1.post1
fonttools==4.65.0
google-crc32c==1.8.0
h5py==3.16.0
imagecodecs==2026.8.16
imageio==2.37.4
kiwisolver==1.5.1
lazy-loader==0.5
matplotlib==3.11.2
msgspec==0.21.1
networkx==3.6.1
numcodecs==0.17.0
numpy==2.5.3
packaging==26.3
pandas==3.0.6
pillow==12.3.0
pyarrow==25.0.1
pyparsing==3.3.2
python-dateutil==2.9.0.post0
pyyaml==6.0.3
scikit-image==0.26.0
scipy==1.18.1
six==1.17.0
tifffile==2026.9.15
typing-extensions==4.16.0
zarr==3.4.0
